
Microsoft Visual Studio Solution File, Format Version 12.00
# Visual Studio Version 17
VisualStudioVersion = 17.2.32630.192
MinimumVisualStudioVersion = 10.0.40219.1
Project("{FAE04EC0-301F-11D3-BF4B-00C04F79EFBC}") = "System_Ekzamen", "System_Ekzamen\System_Ekzamen.csproj", "{D5757C0B-87B4-43F1-9A18-F68C46D8F89E}"
EndProject
Global
	GlobalSection(SolutionConfigurationPlatforms) = preSolution
		Debug|Any CPU = Debug|Any CPU
		Release|Any CPU = Release|Any CPU
	EndGlobalSection
	GlobalSection(ProjectConfigurationPlatforms) = postSolution
		{D5757C0B-87B4-43F1-9A18-F68C46D8F89E}.Debug|Any CPU.ActiveCfg = Debug|Any CPU
		{D5757C0B-87B4-43F1-9A18-F68C46D8F89E}.Debug|Any CPU.Build.0 = Debug|Any CPU
		{D5757C0B-87B4-43F1-9A18-F68C46D8F89E}.Release|Any CPU.ActiveCfg = Release|Any CPU
		{D5757C0B-87B4-43F1-9A18-F68C46D8F89E}.Release|Any CPU.Build.0 = Release|Any CPU
	EndGlobalSection
	GlobalSection(SolutionProperties) = preSolution
		HideSolutionNode = FALSE
	EndGlobalSection
	GlobalSection(ExtensibilityGlobals) = postSolution
		SolutionGuid = {2204CD8E-DF02-4DC2-9D1F-39346119590A}
	EndGlobalSection
EndGlobal
